// !$*UTF8*$!
{
	archiveVersion = 1;
	classes = {
	};
	objectVersion = 55;
	objects = {

/* Begin PBXBuildFile section */
		C400F1E627BC3C7D0022E0AD /* ManagersConstants.swift in Sources */ = {isa = PBXBuildFile; fileRef = C400F1E527BC3C7D0022E0AD /* ManagersConstants.swift */; };
		C411F62C27BCF39F0009CE2D /* CollectionViewCell.swift in Sources */ = {isa = PBXBuildFile; fileRef = C411F62A27BCF39F0009CE2D /* CollectionViewCell.swift */; };
		C411F62D27BCF39F0009CE2D /* CollectionViewCell.xib in Resources */ = {isa = PBXBuildFile; fileRef = C411F62B27BCF39F0009CE2D /* CollectionViewCell.xib */; };
		C411F63327BCFE2E0009CE2D /* Detail.storyboard in Resources */ = {isa = PBXBuildFile; fileRef = C411F63227BCFE2E0009CE2D /* Detail.storyboard */; };
		C411F63527BCFE3A0009CE2D /* DetailViewController.swift in Sources */ = {isa = PBXBuildFile; fileRef = C411F63427BCFE3A0009CE2D /* DetailViewController.swift */; };
		C42B442627BC2F7500FF0164 /* AppDelegate.swift in Sources */ = {isa = PBXBuildFile; fileRef = C42B442527BC2F7500FF0164 /* AppDelegate.swift */; };
		C42B442827BC2F7500FF0164 /* SceneDelegate.swift in Sources */ = {isa = PBXBuildFile; fileRef = C42B442727BC2F7500FF0164 /* SceneDelegate.swift */; };
		C42B442A27BC2F7500FF0164 /* MainViewController.swift in Sources */ = {isa = PBXBuildFile; fileRef = C42B442927BC2F7500FF0164 /* MainViewController.swift */; };
		C42B442D27BC2F7500FF0164 /* Main.storyboard in Resources */ = {isa = PBXBuildFile; fileRef = C42B442B27BC2F7500FF0164 /* Main.storyboard */; };
		C42B442F27BC2F7900FF0164 /* Assets.xcassets in Resources */ = {isa = PBXBuildFile; fileRef = C42B442E27BC2F7900FF0164 /* Assets.xcassets */; };
		C42B443227BC2F7900FF0164 /* LaunchScreen.storyboard in Resources */ = {isa = PBXBuildFile; fileRef = C42B443027BC2F7900FF0164 /* LaunchScreen.storyboard */; };
		C42B444527BC323900FF0164 /* ServiceManager.swift in Sources */ = {isa = PBXBuildFile; fileRef = C42B444427BC323900FF0164 /* ServiceManager.swift */; };
		C42B444727BC34BC00FF0164 /* UnsplashAPIManager.swift in Sources */ = {isa = PBXBuildFile; fileRef = C42B444627BC34BC00FF0164 /* UnsplashAPIManager.swift */; };
		C4AA439427BC38C500130D3A /* UnsplashResponseModel.swift in Sources */ = {isa = PBXBuildFile; fileRef = C4AA439227BC38C500130D3A /* UnsplashResponseModel.swift */; };
		C4AA439527BC38C500130D3A /* UnsplashPhotoModel.swift in Sources */ = {isa = PBXBuildFile; fileRef = C4AA439327BC38C500130D3A /* UnsplashPhotoModel.swift */; };
/* End PBXBuildFile section */

/* Begin PBXFileReference section */
		C400F1E527BC3C7D0022E0AD /* ManagersConstants.swift */ = {isa = PBXFileReference; lastKnownFileType = sourcecode.swift; path = ManagersConstants.swift; sourceTree = "<group>"; };
		C411F62A27BCF39F0009CE2D /* CollectionViewCell.swift */ = {isa = PBXFileReference; lastKnownFileType = sourcecode.swift; path = CollectionViewCell.swift; sourceTree = "<group>"; };
		C411F62B27BCF39F0009CE2D /* CollectionViewCell.xib */ = {isa = PBXFileReference; lastKnownFileType = file.xib; path = CollectionViewCell.xib; sourceTree = "<group>"; };
		C411F63227BCFE2E0009CE2D /* Detail.storyboard */ = {isa = PBXFileReference; lastKnownFileType = file.storyboard; path = Detail.storyboard; sourceTree = "<group>"; };
		C411F63427BCFE3A0009CE2D /* DetailViewController.swift */ = {isa = PBXFileReference; lastKnownFileType = sourcecode.swift; path = DetailViewController.swift; sourceTree = "<group>"; };
		C42B442227BC2F7500FF0164 /* sebastian-fornelli.app */ = {isa = PBXFileReference; explicitFileType = wrapper.application; includeInIndex = 0; path = "sebastian-fornelli.app"; sourceTree = BUILT_PRODUCTS_DIR; };
		C42B442527BC2F7500FF0164 /* AppDelegate.swift */ = {isa = PBXFileReference; lastKnownFileType = sourcecode.swift; path = AppDelegate.swift; sourceTree = "<group>"; };
		C42B442727BC2F7500FF0164 /* SceneDelegate.swift */ = {isa = PBXFileReference; lastKnownFileType = sourcecode.swift; path = SceneDelegate.swift; sourceTree = "<group>"; };
		C42B442927BC2F7500FF0164 /* MainViewController.swift */ = {isa = PBXFileReference; lastKnownFileType = sourcecode.swift; path = MainViewController.swift; sourceTree = "<group>"; };
		C42B442C27BC2F7500FF0164 /* Base */ = {isa = PBXFileReference; lastKnownFileType = file.storyboard; name = Base; path = Base.lproj/Main.storyboard; sourceTree = "<group>"; };
		C42B442E27BC2F7900FF0164 /* Assets.xcassets */ = {isa = PBXFileReference; lastKnownFileType = folder.assetcatalog; path = Assets.xcassets; sourceTree = "<group>"; };
		C42B443127BC2F7900FF0164 /* Base */ = {isa = PBXFileReference; lastKnownFileType = file.storyboard; name = Base; path = Base.lproj/LaunchScreen.storyboard; sourceTree = "<group>"; };
		C42B443327BC2F7900FF0164 /* Info.plist */ = {isa = PBXFileReference; lastKnownFileType = text.plist.xml; path = Info.plist; sourceTree = "<group>"; };
		C42B444427BC323900FF0164 /* ServiceManager.swift */ = {isa = PBXFileReference; lastKnownFileType = sourcecode.swift; path = ServiceManager.swift; sourceTree = "<group>"; };
		C42B444627BC34BC00FF0164 /* UnsplashAPIManager.swift */ = {isa = PBXFileReference; lastKnownFileType = sourcecode.swift; path = UnsplashAPIManager.swift; sourceTree = "<group>"; };
		C4AA439227BC38C500130D3A /* UnsplashResponseModel.swift */ = {isa = PBXFileReference; fileEncoding = 4; lastKnownFileType = sourcecode.swift; path = UnsplashResponseModel.swift; sourceTree = "<group>"; };
		C4AA439327BC38C500130D3A /* UnsplashPhotoModel.swift */ = {isa = PBXFileReference; fileEncoding = 4; lastKnownFileType = sourcecode.swift; path = UnsplashPhotoModel.swift; sourceTree = "<group>"; };
/* End PBXFileReference section */

/* Begin PBXFrameworksBuildPhase section */
		C42B441F27BC2F7500FF0164 /* Frameworks */ = {
			isa = PBXFrameworksBuildPhase;
			buildActionMask = 2147483647;
			files = (
			);
			runOnlyForDeploymentPostprocessing = 0;
		};
/* End PBXFrameworksBuildPhase section */

/* Begin PBXGroup section */
		C411F62927BCF37A0009CE2D /* Cells */ = {
			isa = PBXGroup;
			children = (
				C411F62A27BCF39F0009CE2D /* CollectionViewCell.swift */,
				C411F62B27BCF39F0009CE2D /* CollectionViewCell.xib */,
			);
			path = Cells;
			sourceTree = "<group>";
		};
		C411F62E27BCFC990009CE2D /* Utils */ = {
			isa = PBXGroup;
			children = (
				C411F62F27BCFCA30009CE2D /* Constants */,
			);
			path = Utils;
			sourceTree = "<group>";
		};
		C411F62F27BCFCA30009CE2D /* Constants */ = {
			isa = PBXGroup;
			children = (
				C400F1E527BC3C7D0022E0AD /* ManagersConstants.swift */,
			);
			path = Constants;
			sourceTree = "<group>";
		};
		C42B441927BC2F7500FF0164 = {
			isa = PBXGroup;
			children = (
				C42B442427BC2F7500FF0164 /* sebastian-fornelli */,
				C42B442327BC2F7500FF0164 /* Products */,
			);
			sourceTree = "<group>";
		};
		C42B442327BC2F7500FF0164 /* Products */ = {
			isa = PBXGroup;
			children = (
				C42B442227BC2F7500FF0164 /* sebastian-fornelli.app */,
			);
			name = Products;
			sourceTree = "<group>";
		};
		C42B442427BC2F7500FF0164 /* sebastian-fornelli */ = {
			isa = PBXGroup;
			children = (
				C42B444227BC320B00FF0164 /* Services */,
				C42B443C27BC2FAF00FF0164 /* ViewModels */,
				C42B443B27BC2FA700FF0164 /* Views */,
				C42B443A27BC2F9E00FF0164 /* ViewControllers */,
				C411F62E27BCFC990009CE2D /* Utils */,
				C42B442527BC2F7500FF0164 /* AppDelegate.swift */,
				C42B442727BC2F7500FF0164 /* SceneDelegate.swift */,
				C42B442E27BC2F7900FF0164 /* Assets.xcassets */,
				C42B443327BC2F7900FF0164 /* Info.plist */,
			);
			path = "sebastian-fornelli";
			sourceTree = "<group>";
		};
		C42B443A27BC2F9E00FF0164 /* ViewControllers */ = {
			isa = PBXGroup;
			children = (
				C42B442927BC2F7500FF0164 /* MainViewController.swift */,
				C411F63427BCFE3A0009CE2D /* DetailViewController.swift */,
			);
			path = ViewControllers;
			sourceTree = "<group>";
		};
		C42B443B27BC2FA700FF0164 /* Views */ = {
			isa = PBXGroup;
			children = (
				C411F62927BCF37A0009CE2D /* Cells */,
				C42B443027BC2F7900FF0164 /* LaunchScreen.storyboard */,
				C42B442B27BC2F7500FF0164 /* Main.storyboard */,
				C411F63227BCFE2E0009CE2D /* Detail.storyboard */,
			);
			path = Views;
			sourceTree = "<group>";
		};
		C42B443C27BC2FAF00FF0164 /* ViewModels */ = {
			isa = PBXGroup;
			children = (
			);
			path = ViewModels;
			sourceTree = "<group>";
		};
		C42B444227BC320B00FF0164 /* Services */ = {
			isa = PBXGroup;
			children = (
				C4AA439127BC38C500130D3A /* Models */,
				C42B444327BC321300FF0164 /* Managers */,
			);
			path = Services;
			sourceTree = "<group>";
		};
		C42B444327BC321300FF0164 /* Managers */ = {
			isa = PBXGroup;
			children = (
				C42B444427BC323900FF0164 /* ServiceManager.swift */,
				C42B444627BC34BC00FF0164 /* UnsplashAPIManager.swift */,
			);
			path = Managers;
			sourceTree = "<group>";
		};
		C4AA439127BC38C500130D3A /* Models */ = {
			isa = PBXGroup;
			children = (
				C4AA439227BC38C500130D3A /* UnsplashResponseModel.swift */,
				C4AA439327BC38C500130D3A /* UnsplashPhotoModel.swift */,
			);
			path = Models;
			sourceTree = "<group>";
		};
/* End PBXGroup section */

/* Begin PBXNativeTarget section */
		C42B442127BC2F7500FF0164 /* sebastian-fornelli */ = {
			isa = PBXNativeTarget;
			buildConfigurationList = C42B443627BC2F7900FF0164 /* Build configuration list for PBXNativeTarget "sebastian-fornelli" */;
			buildPhases = (
				C42B441E27BC2F7500FF0164 /* Sources */,
				C42B441F27BC2F7500FF0164 /* Frameworks */,
				C42B442027BC2F7500FF0164 /* Resources */,
			);
			buildRules = (
			);
			dependencies = (
			);
			name = "sebastian-fornelli";
			productName = "sebastian-fornelli";
			productReference = C42B442227BC2F7500FF0164 /* sebastian-fornelli.app */;
			productType = "com.apple.product-type.application";
		};
/* End PBXNativeTarget section */

/* Begin PBXProject section */
		C42B441A27BC2F7500FF0164 /* Project object */ = {
			isa = PBXProject;
			attributes = {
				BuildIndependentTargetsInParallel = 1;
				LastSwiftUpdateCheck = 1320;
				LastUpgradeCheck = 1320;
				TargetAttributes = {
					C42B442127BC2F7500FF0164 = {
						CreatedOnToolsVersion = 13.2.1;
					};
				};
			};
			buildConfigurationList = C42B441D27BC2F7500FF0164 /* Build configuration list for PBXProject "sebastian-fornelli" */;
			compatibilityVersion = "Xcode 13.0";
			developmentRegion = en;
			hasScannedForEncodings = 0;
			knownRegions = (
				en,
				Base,
			);
			mainGroup = C42B441927BC2F7500FF0164;
			productRefGroup = C42B442327BC2F7500FF0164 /* Products */;
			projectDirPath = "";
			projectRoot = "";
			targets = (
				C42B442127BC2F7500FF0164 /* sebastian-fornelli */,
			);
		};
/* End PBXProject section */

/* Begin PBXResourcesBuildPhase section */
		C42B442027BC2F7500FF0164 /* Resources */ = {
			isa = PBXResourcesBuildPhase;
			buildActionMask = 2147483647;
			files = (
				C42B443227BC2F7900FF0164 /* LaunchScreen.storyboard in Resources */,
				C42B442F27BC2F7900FF0164 /* Assets.xcassets in Resources */,
				C411F62D27BCF39F0009CE2D /* CollectionViewCell.xib in Resources */,
				C411F63327BCFE2E0009CE2D /* Detail.storyboard in Resources */,
				C42B442D27BC2F7500FF0164 /* Main.storyboard in Resources */,
			);
			runOnlyForDeploymentPostprocessing = 0;
		};
/* End PBXResourcesBuildPhase section */

/* Begin PBXSourcesBuildPhase section */
		C42B441E27BC2F7500FF0164 /* Sources */ = {
			isa = PBXSourcesBuildPhase;
			buildActionMask = 2147483647;
			files = (
				C42B444727BC34BC00FF0164 /* UnsplashAPIManager.swift in Sources */,
				C4AA439527BC38C500130D3A /* UnsplashPhotoModel.swift in Sources */,
				C411F62C27BCF39F0009CE2D /* CollectionViewCell.swift in Sources */,
				C42B442A27BC2F7500FF0164 /* MainViewController.swift in Sources */,
				C42B442627BC2F7500FF0164 /* AppDelegate.swift in Sources */,
				C42B442827BC2F7500FF0164 /* SceneDelegate.swift in Sources */,
				C400F1E627BC3C7D0022E0AD /* ManagersConstants.swift in Sources */,
				C411F63527BCFE3A0009CE2D /* DetailViewController.swift in Sources */,
				C4AA439427BC38C500130D3A /* UnsplashResponseModel.swift in Sources */,
				C42B444527BC323900FF0164 /* ServiceManager.swift in Sources */,
			);
			runOnlyForDeploymentPostprocessing = 0;
		};
/* End PBXSourcesBuildPhase section */

/* Begin PBXVariantGroup section */
		C42B442B27BC2F7500FF0164 /* Main.storyboard */ = {
			isa = PBXVariantGroup;
			children = (
				C42B442C27BC2F7500FF0164 /* Base */,
			);
			name = Main.storyboard;
			sourceTree = "<group>";
		};
		C42B443027BC2F7900FF0164 /* LaunchScreen.storyboard */ = {
			isa = PBXVariantGroup;
			children = (
				C42B443127BC2F7900FF0164 /* Base */,
			);
			name = LaunchScreen.storyboard;
			sourceTree = "<group>";
		};
/* End PBXVariantGroup section */

/* Begin XCBuildConfiguration section */
		C42B443427BC2F7900FF0164 /* Debug */ = {
			isa = XCBuildConfiguration;
			buildSettings = {
				ALWAYS_SEARCH_USER_PATHS = NO;
				CLANG_ANALYZER_NONNULL = YES;
				CLANG_ANALYZER_NUMBER_OBJECT_CONVERSION = YES_AGGRESSIVE;
				CLANG_CXX_LANGUAGE_STANDARD = "gnu++17";
				CLANG_CXX_LIBRARY = "libc++";
				CLANG_ENABLE_MODULES = YES;
				CLANG_ENABLE_OBJC_ARC = YES;
				CLANG_ENABLE_OBJC_WEAK = YES;
				CLANG_WARN_BLOCK_CAPTURE_AUTORELEASING = YES;
				CLANG_WARN_BOOL_CONVERSION = YES;
				CLANG_WARN_COMMA = YES;
				CLANG_WARN_CONSTANT_CONVERSION = YES;
				CLANG_WARN_DEPRECATED_OBJC_IMPLEMENTATIONS = YES;
				CLANG_WARN_DIRECT_OBJC_ISA_USAGE = YES_ERROR;
				CLANG_WARN_DOCUMENTATION_COMMENTS = YES;
				CLANG_WARN_EMPTY_BODY = YES;
				CLANG_WARN_ENUM_CONVERSION = YES;
				CLANG_WARN_INFINITE_RECURSION = YES;
				CLANG_WARN_INT_CONVERSION = YES;
				CLANG_WARN_NON_LITERAL_NULL_CONVERSION = YES;
				CLANG_WARN_OBJC_IMPLICIT_RETAIN_SELF = YES;
				CLANG_WARN_OBJC_LITERAL_CONVERSION = YES;
				CLANG_WARN_OBJC_ROOT_CLASS = YES_ERROR;
				CLANG_WARN_QUOTED_INCLUDE_IN_FRAMEWORK_HEADER = YES;
				CLANG_WARN_RANGE_LOOP_ANALYSIS = YES;
				CLANG_WARN_STRICT_PROTOTYPES = YES;
				CLANG_WARN_SUSPICIOUS_MOVE = YES;
				CLANG_WARN_UNGUARDED_AVAILABILITY = YES_AGGRESSIVE;
				CLANG_WARN_UNREACHABLE_CODE = YES;
				CLANG_WARN__DUPLICATE_METHOD_MATCH = YES;
				COPY_PHASE_STRIP = NO;
				DEBUG_INFORMATION_FORMAT = dwarf;
				ENABLE_STRICT_OBJC_MSGSEND = YES;
				ENABLE_TESTABILITY = YES;
				GCC_C_LANGUAGE_STANDARD = gnu11;
				GCC_DYNAMIC_NO_PIC = NO;
				GCC_NO_COMMON_BLOCKS = YES;
				GCC_OPTIMIZATION_LEVEL = 0;
				GCC_PREPROCESSOR_DEFINITIONS = (
					"DEBUG=1",
					"$(inherited)",
				);
				GCC_WARN_64_TO_32_BIT_CONVERSION = YES;
				GCC_WARN_ABOUT_RETURN_TYPE = YES_ERROR;
				GCC_WARN_UNDECLARED_SELECTOR = YES;
				GCC_WARN_UNINITIALIZED_AUTOS = YES_AGGRESSIVE;
				GCC_WARN_UNUSED_FUNCTION = YES;
				GCC_WARN_UNUSED_VARIABLE = YES;
				IPHONEOS_DEPLOYMENT_TARGET = 15.2;
				MTL_ENABLE_DEBUG_INFO = INCLUDE_SOURCE;
				MTL_FAST_MATH = YES;
				ONLY_ACTIVE_ARCH = YES;
				SDKROOT = iphoneos;
				SWIFT_ACTIVE_COMPILATION_CONDITIONS = DEBUG;
				SWIFT_OPTIMIZATION_LEVEL = "-Onone";
			};
			name = Debug;
		};
		C42B443527BC2F7900FF0164 /* Release */ = {
			isa = XCBuildConfiguration;
			buildSettings = {
				ALWAYS_SEARCH_USER_PATHS = NO;
				CLANG_ANALYZER_NONNULL = YES;
				CLANG_ANALYZER_NUMBER_OBJECT_CONVERSION = YES_AGGRESSIVE;
				CLANG_CXX_LANGUAGE_STANDARD = "gnu++17";
				CLANG_CXX_LIBRARY = "libc++";
				CLANG_ENABLE_MODULES = YES;
				CLANG_ENABLE_OBJC_ARC = YES;
				CLANG_ENABLE_OBJC_WEAK = YES;
				CLANG_WARN_BLOCK_CAPTURE_AUTORELEASING = YES;
				CLANG_WARN_BOOL_CONVERSION = YES;
				CLANG_WARN_COMMA = YES;
				CLANG_WARN_CONSTANT_CONVERSION = YES;
				CLANG_WARN_DEPRECATED_OBJC_IMPLEMENTATIONS = YES;
				CLANG_WARN_DIRECT_OBJC_ISA_USAGE = YES_ERROR;
				CLANG_WARN_DOCUMENTATION_COMMENTS = YES;
				CLANG_WARN_EMPTY_BODY = YES;
				CLANG_WARN_ENUM_CONVERSION = YES;
				CLANG_WARN_INFINITE_RECURSION = YES;
				CLANG_WARN_INT_CONVERSION = YES;
				CLANG_WARN_NON_LITERAL_NULL_CONVERSION = YES;
				CLANG_WARN_OBJC_IMPLICIT_RETAIN_SELF = YES;
				CLANG_WARN_OBJC_LITERAL_CONVERSION = YES;
				CLANG_WARN_OBJC_ROOT_CLASS = YES_ERROR;
				CLANG_WARN_QUOTED_INCLUDE_IN_FRAMEWORK_HEADER = YES;
				CLANG_WARN_RANGE_LOOP_ANALYSIS = YES;
				CLANG_WARN_STRICT_PROTOTYPES = YES;
				CLANG_WARN_SUSPICIOUS_MOVE = YES;
				CLANG_WARN_UNGUARDED_AVAILABILITY = YES_AGGRESSIVE;
				CLANG_WARN_UNREACHABLE_CODE = YES;
				CLANG_WARN__DUPLICATE_METHOD_MATCH = YES;
				COPY_PHASE_STRIP = NO;
				DEBUG_INFORMATION_FORMAT = "dwarf-with-dsym";
				ENABLE_NS_ASSERTIONS = NO;
				ENABLE_STRICT_OBJC_MSGSEND = YES;
				GCC_C_LANGUAGE_STANDARD = gnu11;
				GCC_NO_COMMON_BLOCKS = YES;
				GCC_WARN_64_TO_32_BIT_CONVERSION = YES;
				GCC_WARN_ABOUT_RETURN_TYPE = YES_ERROR;
				GCC_WARN_UNDECLARED_SELECTOR = YES;
				GCC_WARN_UNINITIALIZED_AUTOS = YES_AGGRESSIVE;
				GCC_WARN_UNUSED_FUNCTION = YES;
				GCC_WARN_UNUSED_VARIABLE = YES;
				IPHONEOS_DEPLOYMENT_TARGET = 15.2;
				MTL_ENABLE_DEBUG_INFO = NO;
				MTL_FAST_MATH = YES;
				SDKROOT = iphoneos;
				SWIFT_COMPILATION_MODE = wholemodule;
				SWIFT_OPTIMIZATION_LEVEL = "-O";
				VALIDATE_PRODUCT = YES;
			};
			name = Release;
		};
		C42B443727BC2F7900FF0164 /* Debug */ = {
			isa = XCBuildConfiguration;
			buildSettings = {
				ASSETCATALOG_COMPILER_APPICON_NAME = AppIcon;
				ASSETCATALOG_COMPILER_GLOBAL_ACCENT_COLOR_NAME = AccentColor;
				CODE_SIGN_STYLE = Automatic;
				CURRENT_PROJECT_VERSION = 1;
				DEVELOPMENT_TEAM = "";
				GENERATE_INFOPLIST_FILE = YES;
				INFOPLIST_FILE = "sebastian-fornelli/Info.plist";
				INFOPLIST_KEY_UIApplicationSupportsIndirectInputEvents = YES;
				INFOPLIST_KEY_UILaunchStoryboardName = LaunchScreen;
				INFOPLIST_KEY_UIMainStoryboardFile = Main;
				INFOPLIST_KEY_UISupportedInterfaceOrientations_iPad = "UIInterfaceOrientationPortrait UIInterfaceOrientationPortraitUpsideDown UIInterfaceOrientationLandscapeLeft UIInterfaceOrientationLandscapeRight";
				INFOPLIST_KEY_UISupportedInterfaceOrientations_iPhone = "UIInterfaceOrientationPortrait UIInterfaceOrientationLandscapeLeft UIInterfaceOrientationLandscapeRight";
				LD_RUNPATH_SEARCH_PATHS = (
					"$(inherited)",
					"@executable_path/Frameworks",
				);
				MARKETING_VERSION = 1.0;
				PRODUCT_BUNDLE_IDENTIFIER = "SFY.sebastian-fornelli";
				PRODUCT_NAME = "$(TARGET_NAME)";
				SWIFT_EMIT_LOC_STRINGS = YES;
				SWIFT_VERSION = 5.0;
				TARGETED_DEVICE_FAMILY = "1,2";
			};
			name = Debug;
		};
		C42B443827BC2F7900FF0164 /* Release */ = {
			isa = XCBuildConfiguration;
			buildSettings = {
				ASSETCATALOG_COMPILER_APPICON_NAME = AppIcon;
				ASSETCATALOG_COMPILER_GLOBAL_ACCENT_COLOR_NAME = AccentColor;
				CODE_SIGN_STYLE = Automatic;
				CURRENT_PROJECT_VERSION = 1;
				DEVELOPMENT_TEAM = "";
				GENERATE_INFOPLIST_FILE = YES;
				INFOPLIST_FILE = "sebastian-fornelli/Info.plist";
				INFOPLIST_KEY_UIApplicationSupportsIndirectInputEvents = YES;
				INFOPLIST_KEY_UILaunchStoryboardName = LaunchScreen;
				INFOPLIST_KEY_UIMainStoryboardFile = Main;
				INFOPLIST_KEY_UISupportedInterfaceOrientations_iPad = "UIInterfaceOrientationPortrait UIInterfaceOrientationPortraitUpsideDown UIInterfaceOrientationLandscapeLeft UIInterfaceOrientationLandscapeRight";
				INFOPLIST_KEY_UISupportedInterfaceOrientations_iPhone = "UIInterfaceOrientationPortrait UIInterfaceOrientationLandscapeLeft UIInterfaceOrientationLandscapeRight";
				LD_RUNPATH_SEARCH_PATHS = (
					"$(inherited)",
					"@executable_path/Frameworks",
				);
				MARKETING_VERSION = 1.0;
				PRODUCT_BUNDLE_IDENTIFIER = "SFY.sebastian-fornelli";
				PRODUCT_NAME = "$(TARGET_NAME)";
				SWIFT_EMIT_LOC_STRINGS = YES;
				SWIFT_VERSION = 5.0;
				TARGETED_DEVICE_FAMILY = "1,2";
			};
			name = Release;
		};
/* End XCBuildConfiguration section */

/* Begin XCConfigurationList section */
		C42B441D27BC2F7500FF0164 /* Build configuration list for PBXProject "sebastian-fornelli" */ = {
			isa = XCConfigurationList;
			buildConfigurations = (
				C42B443427BC2F7900FF0164 /* Debug */,
				C42B443527BC2F7900FF0164 /* Release */,
			);
			defaultConfigurationIsVisible = 0;
			defaultConfigurationName = Release;
		};
		C42B443627BC2F7900FF0164 /* Build configuration list for PBXNativeTarget "sebastian-fornelli" */ = {
			isa = XCConfigurationList;
			buildConfigurations = (
				C42B443727BC2F7900FF0164 /* Debug */,
				C42B443827BC2F7900FF0164 /* Release */,
			);
			defaultConfigurationIsVisible = 0;
			defaultConfigurationName = Release;
		};
/* End XCConfigurationList section */
	};
	rootObject = C42B441A27BC2F7500FF0164 /* Project object */;
}
